
Microsoft Visual Studio Solution File, Format Version 12.00
# Visual Studio Version 16
VisualStudioVersion = 16.0.32802.440
MinimumVisualStudioVersion = 10.0.40219.1
Project("{FAE04EC0-301F-11D3-BF4B-00C04F79EFBC}") = "Consultar CEPs", "Consultar CEPs.csproj", "{5A68B161-2B10-4051-8767-9D1C2673A4CB}"
EndProject
Global
	GlobalSection(SolutionConfigurationPlatforms) = preSolution
		Debug|Any CPU = Debug|Any CPU
		Release|Any CPU = Release|Any CPU
	EndGlobalSection
	GlobalSection(ProjectConfigurationPlatforms) = postSolution
		{5A68B161-2B10-4051-8767-9D1C2673A4CB}.Debug|Any CPU.ActiveCfg = Debug|Any CPU
		{5A68B161-2B10-4051-8767-9D1C2673A4CB}.Debug|Any CPU.Build.0 = Debug|Any CPU
		{5A68B161-2B10-4051-8767-9D1C2673A4CB}.Release|Any CPU.ActiveCfg = Release|Any CPU
		{5A68B161-2B10-4051-8767-9D1C2673A4CB}.Release|Any CPU.Build.0 = Release|Any CPU
	EndGlobalSection
	GlobalSection(SolutionProperties) = preSolution
		HideSolutionNode = FALSE
	EndGlobalSection
	GlobalSection(ExtensibilityGlobals) = postSolution
		SolutionGuid = {970FCECB-8B8F-4D8F-AF7E-199F1AAC19CF}
	EndGlobalSection
EndGlobal
