
Microsoft Visual Studio Solution File, Format Version 12.00
# Visual Studio Version 16
VisualStudioVersion = 16.0.32802.440
MinimumVisualStudioVersion = 10.0.40219.1
Project("{FAE04EC0-301F-11D3-BF4B-00C04F79EFBC}") = "Condicoes_SwitchCase", "Condicoes_SwitchCase\Condicoes_SwitchCase.csproj", "{73A003EE-1E1C-4E45-A979-C5511B2D852F}"
EndProject
Global
	GlobalSection(SolutionConfigurationPlatforms) = preSolution
		Debug|Any CPU = Debug|Any CPU
		Release|Any CPU = Release|Any CPU
	EndGlobalSection
	GlobalSection(ProjectConfigurationPlatforms) = postSolution
		{73A003EE-1E1C-4E45-A979-C5511B2D852F}.Debug|Any CPU.ActiveCfg = Debug|Any CPU
		{73A003EE-1E1C-4E45-A979-C5511B2D852F}.Debug|Any CPU.Build.0 = Debug|Any CPU
		{73A003EE-1E1C-4E45-A979-C5511B2D852F}.Release|Any CPU.ActiveCfg = Release|Any CPU
		{73A003EE-1E1C-4E45-A979-C5511B2D852F}.Release|Any CPU.Build.0 = Release|Any CPU
	EndGlobalSection
	GlobalSection(SolutionProperties) = preSolution
		HideSolutionNode = FALSE
	EndGlobalSection
	GlobalSection(ExtensibilityGlobals) = postSolution
		SolutionGuid = {FCD94D37-0CCB-474E-86F4-B28CA36D2DAF}
	EndGlobalSection
EndGlobal
