
Microsoft Visual Studio Solution File, Format Version 12.00
# Visual Studio Version 16
VisualStudioVersion = 16.0.32802.440
MinimumVisualStudioVersion = 10.0.40219.1
Project("{FAE04EC0-301F-11D3-BF4B-00C04F79EFBC}") = "Condicoes", "Condicoes\Condicoes.csproj", "{66BF1E8A-740E-487A-B839-6D6E89712A06}"
EndProject
Global
	GlobalSection(SolutionConfigurationPlatforms) = preSolution
		Debug|Any CPU = Debug|Any CPU
		Release|Any CPU = Release|Any CPU
	EndGlobalSection
	GlobalSection(ProjectConfigurationPlatforms) = postSolution
		{66BF1E8A-740E-487A-B839-6D6E89712A06}.Debug|Any CPU.ActiveCfg = Debug|Any CPU
		{66BF1E8A-740E-487A-B839-6D6E89712A06}.Debug|Any CPU.Build.0 = Debug|Any CPU
		{66BF1E8A-740E-487A-B839-6D6E89712A06}.Release|Any CPU.ActiveCfg = Release|Any CPU
		{66BF1E8A-740E-487A-B839-6D6E89712A06}.Release|Any CPU.Build.0 = Release|Any CPU
	EndGlobalSection
	GlobalSection(SolutionProperties) = preSolution
		HideSolutionNode = FALSE
	EndGlobalSection
	GlobalSection(ExtensibilityGlobals) = postSolution
		SolutionGuid = {F6872618-DEB8-4910-B2E5-35DE602E94C1}
	EndGlobalSection
EndGlobal
