
Microsoft Visual Studio Solution File, Format Version 12.00
# Visual Studio Version 16
VisualStudioVersion = 16.0.33529.622
MinimumVisualStudioVersion = 10.0.40219.1
Project("{FAE04EC0-301F-11D3-BF4B-00C04F79EFBC}") = "ProjectASPNet", "ProjectASPNet.csproj", "{372B1930-03C8-4DFB-BB9A-975F5D39BD18}"
EndProject
Project("{FAE04EC0-301F-11D3-BF4B-00C04F79EFBC}") = "UserLoginExample", "..\UserLoginExample\UserLoginExample.csproj", "{78C26352-256C-4665-B196-F807C460C32E}"
EndProject
Global
	GlobalSection(SolutionConfigurationPlatforms) = preSolution
		Debug|Any CPU = Debug|Any CPU
		Release|Any CPU = Release|Any CPU
	EndGlobalSection
	GlobalSection(ProjectConfigurationPlatforms) = postSolution
		{372B1930-03C8-4DFB-BB9A-975F5D39BD18}.Debug|Any CPU.ActiveCfg = Debug|Any CPU
		{372B1930-03C8-4DFB-BB9A-975F5D39BD18}.Debug|Any CPU.Build.0 = Debug|Any CPU
		{372B1930-03C8-4DFB-BB9A-975F5D39BD18}.Release|Any CPU.ActiveCfg = Release|Any CPU
		{372B1930-03C8-4DFB-BB9A-975F5D39BD18}.Release|Any CPU.Build.0 = Release|Any CPU
		{78C26352-256C-4665-B196-F807C460C32E}.Debug|Any CPU.ActiveCfg = Debug|Any CPU
		{78C26352-256C-4665-B196-F807C460C32E}.Debug|Any CPU.Build.0 = Debug|Any CPU
		{78C26352-256C-4665-B196-F807C460C32E}.Release|Any CPU.ActiveCfg = Release|Any CPU
		{78C26352-256C-4665-B196-F807C460C32E}.Release|Any CPU.Build.0 = Release|Any CPU
	EndGlobalSection
	GlobalSection(SolutionProperties) = preSolution
		HideSolutionNode = FALSE
	EndGlobalSection
	GlobalSection(ExtensibilityGlobals) = postSolution
		SolutionGuid = {F3CF0C0A-7FC5-4E97-9C35-155C8C7C1B2B}
	EndGlobalSection
EndGlobal
