
Microsoft Visual Studio Solution File, Format Version 12.00
# Visual Studio Version 16
VisualStudioVersion = 16.0.32802.440
MinimumVisualStudioVersion = 10.0.40219.1
Project("{FAE04EC0-301F-11D3-BF4B-00C04F79EFBC}") = "AcademiaDotNet-ProjetoEx-WindowsFormsUI", "AcademiaDotNet-ProjetoEx-WindowsFormsUI\AcademiaDotNet-ProjetoEx-WindowsFormsUI.csproj", "{187291E4-F8A0-4308-8A92-4A13C2358BC0}"
EndProject
Global
	GlobalSection(SolutionConfigurationPlatforms) = preSolution
		Debug|Any CPU = Debug|Any CPU
		Release|Any CPU = Release|Any CPU
	EndGlobalSection
	GlobalSection(ProjectConfigurationPlatforms) = postSolution
		{187291E4-F8A0-4308-8A92-4A13C2358BC0}.Debug|Any CPU.ActiveCfg = Debug|Any CPU
		{187291E4-F8A0-4308-8A92-4A13C2358BC0}.Debug|Any CPU.Build.0 = Debug|Any CPU
		{187291E4-F8A0-4308-8A92-4A13C2358BC0}.Release|Any CPU.ActiveCfg = Release|Any CPU
		{187291E4-F8A0-4308-8A92-4A13C2358BC0}.Release|Any CPU.Build.0 = Release|Any CPU
	EndGlobalSection
	GlobalSection(SolutionProperties) = preSolution
		HideSolutionNode = FALSE
	EndGlobalSection
	GlobalSection(ExtensibilityGlobals) = postSolution
		SolutionGuid = {EA523176-311D-47C2-9FAC-FE5CAF2738B9}
	EndGlobalSection
EndGlobal
