
Microsoft Visual Studio Solution File, Format Version 12.00
# Visual Studio Version 16
VisualStudioVersion = 16.0.32802.440
MinimumVisualStudioVersion = 10.0.40219.1
Project("{FAE04EC0-301F-11D3-BF4B-00C04F79EFBC}") = "POO-CriacaoDeObjetoEConstrutor", "POO-CriacaoDeObjetoEConstrutor\POO-CriacaoDeObjetoEConstrutor.csproj", "{625E210C-E767-4B0D-BD7D-1ACDDC683550}"
EndProject
Project("{2150E333-8FDC-42A3-9474-1A3956D46DE8}") = "Solution Items", "Solution Items", "{8DFD5D57-F093-40DE-9AAD-F5CAA03A1956}"
EndProject
Global
	GlobalSection(SolutionConfigurationPlatforms) = preSolution
		Debug|Any CPU = Debug|Any CPU
		Release|Any CPU = Release|Any CPU
	EndGlobalSection
	GlobalSection(ProjectConfigurationPlatforms) = postSolution
		{625E210C-E767-4B0D-BD7D-1ACDDC683550}.Debug|Any CPU.ActiveCfg = Debug|Any CPU
		{625E210C-E767-4B0D-BD7D-1ACDDC683550}.Debug|Any CPU.Build.0 = Debug|Any CPU
		{625E210C-E767-4B0D-BD7D-1ACDDC683550}.Release|Any CPU.ActiveCfg = Release|Any CPU
		{625E210C-E767-4B0D-BD7D-1ACDDC683550}.Release|Any CPU.Build.0 = Release|Any CPU
	EndGlobalSection
	GlobalSection(SolutionProperties) = preSolution
		HideSolutionNode = FALSE
	EndGlobalSection
	GlobalSection(ExtensibilityGlobals) = postSolution
		SolutionGuid = {EE7B3D6D-3B46-4DAA-8F74-0BA8246B5C6B}
	EndGlobalSection
EndGlobal
